
Microsoft Visual Studio Solution File, Format Version 12.00
# Visual Studio Version 17
VisualStudioVersion = 17.11.35327.3
MinimumVisualStudioVersion = 10.0.40219.1
Project("{FAE04EC0-301F-11D3-BF4B-00C04F79EFBC}") = "GraduationP-v10", "GraduationP-v10\GraduationP-v10.csproj", "{844D80E3-C509-4D8C-BBF8-02D72DDD22C2}"
EndProject
Global
	GlobalSection(SolutionConfigurationPlatforms) = preSolution
		Debug|Any CPU = Debug|Any CPU
		Release|Any CPU = Release|Any CPU
	EndGlobalSection
	GlobalSection(ProjectConfigurationPlatforms) = postSolution
		{844D80E3-C509-4D8C-BBF8-02D72DDD22C2}.Debug|Any CPU.ActiveCfg = Debug|Any CPU
		{844D80E3-C509-4D8C-BBF8-02D72DDD22C2}.Debug|Any CPU.Build.0 = Debug|Any CPU
		{844D80E3-C509-4D8C-BBF8-02D72DDD22C2}.Release|Any CPU.ActiveCfg = Release|Any CPU
		{844D80E3-C509-4D8C-BBF8-02D72DDD22C2}.Release|Any CPU.Build.0 = Release|Any CPU
	EndGlobalSection
	GlobalSection(SolutionProperties) = preSolution
		HideSolutionNode = FALSE
	EndGlobalSection
	GlobalSection(ExtensibilityGlobals) = postSolution
		SolutionGuid = {B594806D-7F37-43B5-B810-90F562115D71}
	EndGlobalSection
EndGlobal
